
Microsoft Visual Studio Solution File, Format Version 12.00
# Visual Studio 15
VisualStudioVersion = 15.0.28010.2026
MinimumVisualStudioVersion = 10.0.40219.1
Project("{FAE04EC0-301F-11D3-BF4B-00C04F79EFBC}") = "Projist", "Projist\Projist.csproj", "{25BD85E8-2CC0-4F48-A4D2-94AE487BA76D}"
EndProject
Global
	GlobalSection(SolutionConfigurationPlatforms) = preSolution
		Debug|Any CPU = Debug|Any CPU
		Release|Any CPU = Release|Any CPU
	EndGlobalSection
	GlobalSection(ProjectConfigurationPlatforms) = postSolution
		{25BD85E8-2CC0-4F48-A4D2-94AE487BA76D}.Debug|Any CPU.ActiveCfg = Debug|Any CPU
		{25BD85E8-2CC0-4F48-A4D2-94AE487BA76D}.Debug|Any CPU.Build.0 = Debug|Any CPU
		{25BD85E8-2CC0-4F48-A4D2-94AE487BA76D}.Release|Any CPU.ActiveCfg = Release|Any CPU
		{25BD85E8-2CC0-4F48-A4D2-94AE487BA76D}.Release|Any CPU.Build.0 = Release|Any CPU
	EndGlobalSection
	GlobalSection(SolutionProperties) = preSolution
		HideSolutionNode = FALSE
	EndGlobalSection
	GlobalSection(ExtensibilityGlobals) = postSolution
		SolutionGuid = {112B0CB0-338F-458E-968F-6F28C3E7BB56}
	EndGlobalSection
EndGlobal
